
Microsoft Visual Studio Solution File, Format Version 12.00
# Visual Studio 15
VisualStudioVersion = 15.0.28010.2048
MinimumVisualStudioVersion = 10.0.40219.1
Project("{FAE04EC0-301F-11D3-BF4B-00C04F79EFBC}") = "TeduCore", "TeduCore\TeduCore.csproj", "{34A5542B-8A31-4160-8EC8-FA5E60EADAE4}"
EndProject
Project("{2150E333-8FDC-42A3-9474-1A3956D46DE8}") = "1-Presentation", "1-Presentation", "{F3E637CA-22BA-4295-925E-B52608F56C26}"
EndProject
Project("{2150E333-8FDC-42A3-9474-1A3956D46DE8}") = "2-Appication", "2-Appication", "{A88412EB-52F0-4EBE-8BD6-C75A74C8AE7A}"
EndProject
Project("{FAE04EC0-301F-11D3-BF4B-00C04F79EFBC}") = "TeduCore.Application", "TeduCore.Application\TeduCore.Application.csproj", "{B465CF24-47B2-449A-8A62-D6D0895C1053}"
EndProject
Project("{2150E333-8FDC-42A3-9474-1A3956D46DE8}") = "3-Domain", "3-Domain", "{9490D432-15D8-49E0-8E6D-561838163CFB}"
EndProject
Project("{FAE04EC0-301F-11D3-BF4B-00C04F79EFBC}") = "TeduCore.Data", "TeduCore.Data\TeduCore.Data.csproj", "{16657FC4-62D5-48FF-8F88-CB762AD183B3}"
EndProject
Project("{FAE04EC0-301F-11D3-BF4B-00C04F79EFBC}") = "TeduCore.Data.EF", "TeduCore.Data.EF\TeduCore.Data.EF.csproj", "{A833FB1F-9AA7-4A49-BA23-D621DB8A90B4}"
EndProject
Project("{2150E333-8FDC-42A3-9474-1A3956D46DE8}") = "4-Infrastructure", "4-Infrastructure", "{C18AB5E8-8ADB-4FBF-B0BC-2E35F9DD2A83}"
EndProject
Project("{FAE04EC0-301F-11D3-BF4B-00C04F79EFBC}") = "TeduCore.Infrastructure", "TeduCore.Infrastructure\TeduCore.Infrastructure.csproj", "{7B04FB87-2DC2-4504-BD7B-22868DACC6AB}"
EndProject
Project("{FAE04EC0-301F-11D3-BF4B-00C04F79EFBC}") = "TeduCore.Utilities", "TeduCore.Utilities\TeduCore.Utilities.csproj", "{C9DEA37E-A26B-4091-9AB0-9AD399D2C86E}"
EndProject
Global
	GlobalSection(SolutionConfigurationPlatforms) = preSolution
		Debug|Any CPU = Debug|Any CPU
		Release|Any CPU = Release|Any CPU
	EndGlobalSection
	GlobalSection(ProjectConfigurationPlatforms) = postSolution
		{34A5542B-8A31-4160-8EC8-FA5E60EADAE4}.Debug|Any CPU.ActiveCfg = Debug|Any CPU
		{34A5542B-8A31-4160-8EC8-FA5E60EADAE4}.Debug|Any CPU.Build.0 = Debug|Any CPU
		{34A5542B-8A31-4160-8EC8-FA5E60EADAE4}.Release|Any CPU.ActiveCfg = Release|Any CPU
		{34A5542B-8A31-4160-8EC8-FA5E60EADAE4}.Release|Any CPU.Build.0 = Release|Any CPU
		{B465CF24-47B2-449A-8A62-D6D0895C1053}.Debug|Any CPU.ActiveCfg = Debug|Any CPU
		{B465CF24-47B2-449A-8A62-D6D0895C1053}.Debug|Any CPU.Build.0 = Debug|Any CPU
		{B465CF24-47B2-449A-8A62-D6D0895C1053}.Release|Any CPU.ActiveCfg = Release|Any CPU
		{B465CF24-47B2-449A-8A62-D6D0895C1053}.Release|Any CPU.Build.0 = Release|Any CPU
		{16657FC4-62D5-48FF-8F88-CB762AD183B3}.Debug|Any CPU.ActiveCfg = Debug|Any CPU
		{16657FC4-62D5-48FF-8F88-CB762AD183B3}.Debug|Any CPU.Build.0 = Debug|Any CPU
		{16657FC4-62D5-48FF-8F88-CB762AD183B3}.Release|Any CPU.ActiveCfg = Release|Any CPU
		{16657FC4-62D5-48FF-8F88-CB762AD183B3}.Release|Any CPU.Build.0 = Release|Any CPU
		{A833FB1F-9AA7-4A49-BA23-D621DB8A90B4}.Debug|Any CPU.ActiveCfg = Debug|Any CPU
		{A833FB1F-9AA7-4A49-BA23-D621DB8A90B4}.Debug|Any CPU.Build.0 = Debug|Any CPU
		{A833FB1F-9AA7-4A49-BA23-D621DB8A90B4}.Release|Any CPU.ActiveCfg = Release|Any CPU
		{A833FB1F-9AA7-4A49-BA23-D621DB8A90B4}.Release|Any CPU.Build.0 = Release|Any CPU
		{7B04FB87-2DC2-4504-BD7B-22868DACC6AB}.Debug|Any CPU.ActiveCfg = Debug|Any CPU
		{7B04FB87-2DC2-4504-BD7B-22868DACC6AB}.Debug|Any CPU.Build.0 = Debug|Any CPU
		{7B04FB87-2DC2-4504-BD7B-22868DACC6AB}.Release|Any CPU.ActiveCfg = Release|Any CPU
		{7B04FB87-2DC2-4504-BD7B-22868DACC6AB}.Release|Any CPU.Build.0 = Release|Any CPU
		{C9DEA37E-A26B-4091-9AB0-9AD399D2C86E}.Debug|Any CPU.ActiveCfg = Debug|Any CPU
		{C9DEA37E-A26B-4091-9AB0-9AD399D2C86E}.Debug|Any CPU.Build.0 = Debug|Any CPU
		{C9DEA37E-A26B-4091-9AB0-9AD399D2C86E}.Release|Any CPU.ActiveCfg = Release|Any CPU
		{C9DEA37E-A26B-4091-9AB0-9AD399D2C86E}.Release|Any CPU.Build.0 = Release|Any CPU
	EndGlobalSection
	GlobalSection(SolutionProperties) = preSolution
		HideSolutionNode = FALSE
	EndGlobalSection
	GlobalSection(NestedProjects) = preSolution
		{34A5542B-8A31-4160-8EC8-FA5E60EADAE4} = {F3E637CA-22BA-4295-925E-B52608F56C26}
		{B465CF24-47B2-449A-8A62-D6D0895C1053} = {A88412EB-52F0-4EBE-8BD6-C75A74C8AE7A}
		{16657FC4-62D5-48FF-8F88-CB762AD183B3} = {9490D432-15D8-49E0-8E6D-561838163CFB}
		{A833FB1F-9AA7-4A49-BA23-D621DB8A90B4} = {9490D432-15D8-49E0-8E6D-561838163CFB}
		{7B04FB87-2DC2-4504-BD7B-22868DACC6AB} = {C18AB5E8-8ADB-4FBF-B0BC-2E35F9DD2A83}
		{C9DEA37E-A26B-4091-9AB0-9AD399D2C86E} = {C18AB5E8-8ADB-4FBF-B0BC-2E35F9DD2A83}
	EndGlobalSection
	GlobalSection(ExtensibilityGlobals) = postSolution
		SolutionGuid = {26A3F3D6-2711-4D1D-804B-54A6879CCE51}
	EndGlobalSection
EndGlobal
